
Microsoft Visual Studio Solution File, Format Version 12.00
# Visual Studio Version 17
VisualStudioVersion = 17.7.34003.232
MinimumVisualStudioVersion = 10.0.40219.1
Project("{FAE04EC0-301F-11D3-BF4B-00C04F79EFBC}") = "Task 2", "Task 2\Task 2.csproj", "{D34801C5-8D7B-4BA2-9C91-F12F354A5204}"
EndProject
Global
	GlobalSection(SolutionConfigurationPlatforms) = preSolution
		Debug|Any CPU = Debug|Any CPU
		Release|Any CPU = Release|Any CPU
	EndGlobalSection
	GlobalSection(ProjectConfigurationPlatforms) = postSolution
		{D34801C5-8D7B-4BA2-9C91-F12F354A5204}.Debug|Any CPU.ActiveCfg = Debug|Any CPU
		{D34801C5-8D7B-4BA2-9C91-F12F354A5204}.Debug|Any CPU.Build.0 = Debug|Any CPU
		{D34801C5-8D7B-4BA2-9C91-F12F354A5204}.Release|Any CPU.ActiveCfg = Release|Any CPU
		{D34801C5-8D7B-4BA2-9C91-F12F354A5204}.Release|Any CPU.Build.0 = Release|Any CPU
	EndGlobalSection
	GlobalSection(SolutionProperties) = preSolution
		HideSolutionNode = FALSE
	EndGlobalSection
	GlobalSection(ExtensibilityGlobals) = postSolution
		SolutionGuid = {6FED8453-66AF-4D1B-9966-3EA42FA8F8E5}
	EndGlobalSection
EndGlobal
